{
  "name": "electron-react-boilerplate",
  "version": "1.0.0",
  "lockfileVersion": 1,
  "requires": true,
  "dependencies": {
    "highcharts-boost": {
      "version": "0.1.2",
      "resolved": "https://registry.npmjs.org/highcharts-boost/-/highcharts-boost-0.1.2.tgz",
      "integrity": "sha1-rEGpNy9yo2QZhGMItoGIJnG/0QU="
    }
  }
}
